// !$*UTF8*$!
{
	archiveVersion = 1;
	classes = {
	};
	objectVersion = 55;
	objects = {

/* Begin PBXBuildFile section */
		08FFA7AF281D957B00C459E5 /* iStormApp.swift in Sources */ = {isa = PBXBuildFile; fileRef = 08FFA7AE281D957B00C459E5 /* iStormApp.swift */; };
		08FFA7B1281D957B00C459E5 /* ContentView.swift in Sources */ = {isa = PBXBuildFile; fileRef = 08FFA7B0281D957B00C459E5 /* ContentView.swift */; };
		08FFA7B3281D957D00C459E5 /* Assets.xcassets in Resources */ = {isa = PBXBuildFile; fileRef = 08FFA7B2281D957D00C459E5 /* Assets.xcassets */; };
		08FFA7B6281D957D00C459E5 /* Preview Assets.xcassets in Resources */ = {isa = PBXBuildFile; fileRef = 08FFA7B5281D957D00C459E5 /* Preview Assets.xcassets */; };
		08FFA7BD281DA24E00C459E5 /* LsEvent.swift in Sources */ = {isa = PBXBuildFile; fileRef = 08FFA7BC281DA24E00C459E5 /* LsEvent.swift */; };
		08FFA7BF281DA33500C459E5 /* lsEventsData.json in Resources */ = {isa = PBXBuildFile; fileRef = 08FFA7BE281DA33500C459E5 /* lsEventsData.json */; };
		08FFA7C1281DA46300C459E5 /* ModelData.swift in Sources */ = {isa = PBXBuildFile; fileRef = 08FFA7C0281DA46300C459E5 /* ModelData.swift */; };
		08FFA7C4281DA67E00C459E5 /* LsEventRow.swift in Sources */ = {isa = PBXBuildFile; fileRef = 08FFA7C3281DA67E00C459E5 /* LsEventRow.swift */; };
		08FFA7C6281DAA9900C459E5 /* LsEventsList.swift in Sources */ = {isa = PBXBuildFile; fileRef = 08FFA7C5281DAA9900C459E5 /* LsEventsList.swift */; };
		08FFA7C9281DC2FA00C459E5 /* LsEventDetail.swift in Sources */ = {isa = PBXBuildFile; fileRef = 08FFA7C8281DC2FA00C459E5 /* LsEventDetail.swift */; };
/* End PBXBuildFile section */

/* Begin PBXFileReference section */
		08FFA7AB281D957B00C459E5 /* iStorm.app */ = {isa = PBXFileReference; explicitFileType = wrapper.application; includeInIndex = 0; path = iStorm.app; sourceTree = BUILT_PRODUCTS_DIR; };
		08FFA7AE281D957B00C459E5 /* iStormApp.swift */ = {isa = PBXFileReference; lastKnownFileType = sourcecode.swift; path = iStormApp.swift; sourceTree = "<group>"; };
		08FFA7B0281D957B00C459E5 /* ContentView.swift */ = {isa = PBXFileReference; lastKnownFileType = sourcecode.swift; path = ContentView.swift; sourceTree = "<group>"; };
		08FFA7B2281D957D00C459E5 /* Assets.xcassets */ = {isa = PBXFileReference; lastKnownFileType = folder.assetcatalog; path = Assets.xcassets; sourceTree = "<group>"; };
		08FFA7B5281D957D00C459E5 /* Preview Assets.xcassets */ = {isa = PBXFileReference; lastKnownFileType = folder.assetcatalog; path = "Preview Assets.xcassets"; sourceTree = "<group>"; };
		08FFA7BC281DA24E00C459E5 /* LsEvent.swift */ = {isa = PBXFileReference; lastKnownFileType = sourcecode.swift; path = LsEvent.swift; sourceTree = "<group>"; };
		08FFA7BE281DA33500C459E5 /* lsEventsData.json */ = {isa = PBXFileReference; fileEncoding = 4; lastKnownFileType = text.json; path = lsEventsData.json; sourceTree = "<group>"; };
		08FFA7C0281DA46300C459E5 /* ModelData.swift */ = {isa = PBXFileReference; lastKnownFileType = sourcecode.swift; path = ModelData.swift; sourceTree = "<group>"; };
		08FFA7C3281DA67E00C459E5 /* LsEventRow.swift */ = {isa = PBXFileReference; lastKnownFileType = sourcecode.swift; path = LsEventRow.swift; sourceTree = "<group>"; };
		08FFA7C5281DAA9900C459E5 /* LsEventsList.swift */ = {isa = PBXFileReference; lastKnownFileType = sourcecode.swift; path = LsEventsList.swift; sourceTree = "<group>"; };
		08FFA7C8281DC2FA00C459E5 /* LsEventDetail.swift */ = {isa = PBXFileReference; lastKnownFileType = sourcecode.swift; path = LsEventDetail.swift; sourceTree = "<group>"; };
/* End PBXFileReference section */

/* Begin PBXFrameworksBuildPhase section */
		08FFA7A8281D957B00C459E5 /* Frameworks */ = {
			isa = PBXFrameworksBuildPhase;
			buildActionMask = 2147483647;
			files = (
			);
			runOnlyForDeploymentPostprocessing = 0;
		};
/* End PBXFrameworksBuildPhase section */

/* Begin PBXGroup section */
		08FFA7A2281D957B00C459E5 = {
			isa = PBXGroup;
			children = (
				08FFA7AD281D957B00C459E5 /* iStorm */,
				08FFA7AC281D957B00C459E5 /* Products */,
			);
			sourceTree = "<group>";
		};
		08FFA7AC281D957B00C459E5 /* Products */ = {
			isa = PBXGroup;
			children = (
				08FFA7AB281D957B00C459E5 /* iStorm.app */,
			);
			name = Products;
			sourceTree = "<group>";
		};
		08FFA7AD281D957B00C459E5 /* iStorm */ = {
			isa = PBXGroup;
			children = (
				08FFA7AE281D957B00C459E5 /* iStormApp.swift */,
				08FFA7B0281D957B00C459E5 /* ContentView.swift */,
				08FFA7B2281D957D00C459E5 /* Assets.xcassets */,
				08FFA7B4281D957D00C459E5 /* Preview Content */,
				08FFA7C2281DA65000C459E5 /* Model */,
				08FFA7C7281DAB6800C459E5 /* Views */,
			);
			path = iStorm;
			sourceTree = "<group>";
		};
		08FFA7B4281D957D00C459E5 /* Preview Content */ = {
			isa = PBXGroup;
			children = (
				08FFA7B5281D957D00C459E5 /* Preview Assets.xcassets */,
			);
			path = "Preview Content";
			sourceTree = "<group>";
		};
		08FFA7C2281DA65000C459E5 /* Model */ = {
			isa = PBXGroup;
			children = (
				08FFA7BC281DA24E00C459E5 /* LsEvent.swift */,
				08FFA7BE281DA33500C459E5 /* lsEventsData.json */,
				08FFA7C0281DA46300C459E5 /* ModelData.swift */,
			);
			path = Model;
			sourceTree = "<group>";
		};
		08FFA7C7281DAB6800C459E5 /* Views */ = {
			isa = PBXGroup;
			children = (
				08FFA7C3281DA67E00C459E5 /* LsEventRow.swift */,
				08FFA7C5281DAA9900C459E5 /* LsEventsList.swift */,
				08FFA7C8281DC2FA00C459E5 /* LsEventDetail.swift */,
			);
			path = Views;
			sourceTree = "<group>";
		};
/* End PBXGroup section */

/* Begin PBXNativeTarget section */
		08FFA7AA281D957B00C459E5 /* iStorm */ = {
			isa = PBXNativeTarget;
			buildConfigurationList = 08FFA7B9281D957D00C459E5 /* Build configuration list for PBXNativeTarget "iStorm" */;
			buildPhases = (
				08FFA7A7281D957B00C459E5 /* Sources */,
				08FFA7A8281D957B00C459E5 /* Frameworks */,
				08FFA7A9281D957B00C459E5 /* Resources */,
			);
			buildRules = (
			);
			dependencies = (
			);
			name = iStorm;
			productName = iStorm;
			productReference = 08FFA7AB281D957B00C459E5 /* iStorm.app */;
			productType = "com.apple.product-type.application";
		};
/* End PBXNativeTarget section */

/* Begin PBXProject section */
		08FFA7A3281D957B00C459E5 /* Project object */ = {
			isa = PBXProject;
			attributes = {
				BuildIndependentTargetsInParallel = 1;
				LastSwiftUpdateCheck = 1330;
				LastUpgradeCheck = 1330;
				TargetAttributes = {
					08FFA7AA281D957B00C459E5 = {
						CreatedOnToolsVersion = 13.3.1;
					};
				};
			};
			buildConfigurationList = 08FFA7A6281D957B00C459E5 /* Build configuration list for PBXProject "iStorm" */;
			compatibilityVersion = "Xcode 13.0";
			developmentRegion = en;
			hasScannedForEncodings = 0;
			knownRegions = (
				en,
				Base,
			);
			mainGroup = 08FFA7A2281D957B00C459E5;
			productRefGroup = 08FFA7AC281D957B00C459E5 /* Products */;
			projectDirPath = "";
			projectRoot = "";
			targets = (
				08FFA7AA281D957B00C459E5 /* iStorm */,
			);
		};
/* End PBXProject section */

/* Begin PBXResourcesBuildPhase section */
		08FFA7A9281D957B00C459E5 /* Resources */ = {
			isa = PBXResourcesBuildPhase;
			buildActionMask = 2147483647;
			files = (
				08FFA7B6281D957D00C459E5 /* Preview Assets.xcassets in Resources */,
				08FFA7B3281D957D00C459E5 /* Assets.xcassets in Resources */,
				08FFA7BF281DA33500C459E5 /* lsEventsData.json in Resources */,
			);
			runOnlyForDeploymentPostprocessing = 0;
		};
/* End PBXResourcesBuildPhase section */

/* Begin PBXSourcesBuildPhase section */
		08FFA7A7281D957B00C459E5 /* Sources */ = {
			isa = PBXSourcesBuildPhase;
			buildActionMask = 2147483647;
			files = (
				08FFA7BD281DA24E00C459E5 /* LsEvent.swift in Sources */,
				08FFA7C1281DA46300C459E5 /* ModelData.swift in Sources */,
				08FFA7C4281DA67E00C459E5 /* LsEventRow.swift in Sources */,
				08FFA7B1281D957B00C459E5 /* ContentView.swift in Sources */,
				08FFA7AF281D957B00C459E5 /* iStormApp.swift in Sources */,
				08FFA7C6281DAA9900C459E5 /* LsEventsList.swift in Sources */,
				08FFA7C9281DC2FA00C459E5 /* LsEventDetail.swift in Sources */,
			);
			runOnlyForDeploymentPostprocessing = 0;
		};
/* End PBXSourcesBuildPhase section */

/* Begin XCBuildConfiguration section */
		08FFA7B7281D957D00C459E5 /* Debug */ = {
			isa = XCBuildConfiguration;
			buildSettings = {
				ALWAYS_SEARCH_USER_PATHS = NO;
				CLANG_ANALYZER_NONNULL = YES;
				CLANG_ANALYZER_NUMBER_OBJECT_CONVERSION = YES_AGGRESSIVE;
				CLANG_CXX_LANGUAGE_STANDARD = "gnu++17";
				CLANG_ENABLE_MODULES = YES;
				CLANG_ENABLE_OBJC_ARC = YES;
				CLANG_ENABLE_OBJC_WEAK = YES;
				CLANG_WARN_BLOCK_CAPTURE_AUTORELEASING = YES;
				CLANG_WARN_BOOL_CONVERSION = YES;
				CLANG_WARN_COMMA = YES;
				CLANG_WARN_CONSTANT_CONVERSION = YES;
				CLANG_WARN_DEPRECATED_OBJC_IMPLEMENTATIONS = YES;
				CLANG_WARN_DIRECT_OBJC_ISA_USAGE = YES_ERROR;
				CLANG_WARN_DOCUMENTATION_COMMENTS = YES;
				CLANG_WARN_EMPTY_BODY = YES;
				CLANG_WARN_ENUM_CONVERSION = YES;
				CLANG_WARN_INFINITE_RECURSION = YES;
				CLANG_WARN_INT_CONVERSION = YES;
				CLANG_WARN_NON_LITERAL_NULL_CONVERSION = YES;
				CLANG_WARN_OBJC_IMPLICIT_RETAIN_SELF = YES;
				CLANG_WARN_OBJC_LITERAL_CONVERSION = YES;
				CLANG_WARN_OBJC_ROOT_CLASS = YES_ERROR;
				CLANG_WARN_QUOTED_INCLUDE_IN_FRAMEWORK_HEADER = YES;
				CLANG_WARN_RANGE_LOOP_ANALYSIS = YES;
				CLANG_WARN_STRICT_PROTOTYPES = YES;
				CLANG_WARN_SUSPICIOUS_MOVE = YES;
				CLANG_WARN_UNGUARDED_AVAILABILITY = YES_AGGRESSIVE;
				CLANG_WARN_UNREACHABLE_CODE = YES;
				CLANG_WARN__DUPLICATE_METHOD_MATCH = YES;
				COPY_PHASE_STRIP = NO;
				DEBUG_INFORMATION_FORMAT = dwarf;
				ENABLE_STRICT_OBJC_MSGSEND = YES;
				ENABLE_TESTABILITY = YES;
				GCC_C_LANGUAGE_STANDARD = gnu11;
				GCC_DYNAMIC_NO_PIC = NO;
				GCC_NO_COMMON_BLOCKS = YES;
				GCC_OPTIMIZATION_LEVEL = 0;
				GCC_PREPROCESSOR_DEFINITIONS = (
					"DEBUG=1",
					"$(inherited)",
				);
				GCC_WARN_64_TO_32_BIT_CONVERSION = YES;
				GCC_WARN_ABOUT_RETURN_TYPE = YES_ERROR;
				GCC_WARN_UNDECLARED_SELECTOR = YES;
				GCC_WARN_UNINITIALIZED_AUTOS = YES_AGGRESSIVE;
				GCC_WARN_UNUSED_FUNCTION = YES;
				GCC_WARN_UNUSED_VARIABLE = YES;
				IPHONEOS_DEPLOYMENT_TARGET = 15.4;
				MTL_ENABLE_DEBUG_INFO = INCLUDE_SOURCE;
				MTL_FAST_MATH = YES;
				ONLY_ACTIVE_ARCH = YES;
				SDKROOT = iphoneos;
				SWIFT_ACTIVE_COMPILATION_CONDITIONS = DEBUG;
				SWIFT_OPTIMIZATION_LEVEL = "-Onone";
			};
			name = Debug;
		};
		08FFA7B8281D957D00C459E5 /* Release */ = {
			isa = XCBuildConfiguration;
			buildSettings = {
				ALWAYS_SEARCH_USER_PATHS = NO;
				CLANG_ANALYZER_NONNULL = YES;
				CLANG_ANALYZER_NUMBER_OBJECT_CONVERSION = YES_AGGRESSIVE;
				CLANG_CXX_LANGUAGE_STANDARD = "gnu++17";
				CLANG_ENABLE_MODULES = YES;
				CLANG_ENABLE_OBJC_ARC = YES;
				CLANG_ENABLE_OBJC_WEAK = YES;
				CLANG_WARN_BLOCK_CAPTURE_AUTORELEASING = YES;
				CLANG_WARN_BOOL_CONVERSION = YES;
				CLANG_WARN_COMMA = YES;
				CLANG_WARN_CONSTANT_CONVERSION = YES;
				CLANG_WARN_DEPRECATED_OBJC_IMPLEMENTATIONS = YES;
				CLANG_WARN_DIRECT_OBJC_ISA_USAGE = YES_ERROR;
				CLANG_WARN_DOCUMENTATION_COMMENTS = YES;
				CLANG_WARN_EMPTY_BODY = YES;
				CLANG_WARN_ENUM_CONVERSION = YES;
				CLANG_WARN_INFINITE_RECURSION = YES;
				CLANG_WARN_INT_CONVERSION = YES;
				CLANG_WARN_NON_LITERAL_NULL_CONVERSION = YES;
				CLANG_WARN_OBJC_IMPLICIT_RETAIN_SELF = YES;
				CLANG_WARN_OBJC_LITERAL_CONVERSION = YES;
				CLANG_WARN_OBJC_ROOT_CLASS = YES_ERROR;
				CLANG_WARN_QUOTED_INCLUDE_IN_FRAMEWORK_HEADER = YES;
				CLANG_WARN_RANGE_LOOP_ANALYSIS = YES;
				CLANG_WARN_STRICT_PROTOTYPES = YES;
				CLANG_WARN_SUSPICIOUS_MOVE = YES;
				CLANG_WARN_UNGUARDED_AVAILABILITY = YES_AGGRESSIVE;
				CLANG_WARN_UNREACHABLE_CODE = YES;
				CLANG_WARN__DUPLICATE_METHOD_MATCH = YES;
				COPY_PHASE_STRIP = NO;
				DEBUG_INFORMATION_FORMAT = "dwarf-with-dsym";
				ENABLE_NS_ASSERTIONS = NO;
				ENABLE_STRICT_OBJC_MSGSEND = YES;
				GCC_C_LANGUAGE_STANDARD = gnu11;
				GCC_NO_COMMON_BLOCKS = YES;
				GCC_WARN_64_TO_32_BIT_CONVERSION = YES;
				GCC_WARN_ABOUT_RETURN_TYPE = YES_ERROR;
				GCC_WARN_UNDECLARED_SELECTOR = YES;
				GCC_WARN_UNINITIALIZED_AUTOS = YES_AGGRESSIVE;
				GCC_WARN_UNUSED_FUNCTION = YES;
				GCC_WARN_UNUSED_VARIABLE = YES;
				IPHONEOS_DEPLOYMENT_TARGET = 15.4;
				MTL_ENABLE_DEBUG_INFO = NO;
				MTL_FAST_MATH = YES;
				SDKROOT = iphoneos;
				SWIFT_COMPILATION_MODE = wholemodule;
				SWIFT_OPTIMIZATION_LEVEL = "-O";
				VALIDATE_PRODUCT = YES;
			};
			name = Release;
		};
		08FFA7BA281D957D00C459E5 /* Debug */ = {
			isa = XCBuildConfiguration;
			buildSettings = {
				ASSETCATALOG_COMPILER_APPICON_NAME = AppIcon;
				ASSETCATALOG_COMPILER_GLOBAL_ACCENT_COLOR_NAME = AccentColor;
				CODE_SIGN_STYLE = Automatic;
				CURRENT_PROJECT_VERSION = 1;
				DEVELOPMENT_ASSET_PATHS = "\"iStorm/Preview Content\"";
				DEVELOPMENT_TEAM = CB4U3K2Z5U;
				ENABLE_PREVIEWS = YES;
				GENERATE_INFOPLIST_FILE = YES;
				INFOPLIST_KEY_UIApplicationSceneManifest_Generation = YES;
				INFOPLIST_KEY_UIApplicationSupportsIndirectInputEvents = YES;
				INFOPLIST_KEY_UILaunchScreen_Generation = YES;
				INFOPLIST_KEY_UISupportedInterfaceOrientations_iPad = "UIInterfaceOrientationPortrait UIInterfaceOrientationPortraitUpsideDown UIInterfaceOrientationLandscapeLeft UIInterfaceOrientationLandscapeRight";
				INFOPLIST_KEY_UISupportedInterfaceOrientations_iPhone = "UIInterfaceOrientationPortrait UIInterfaceOrientationLandscapeLeft UIInterfaceOrientationLandscapeRight";
				LD_RUNPATH_SEARCH_PATHS = (
					"$(inherited)",
					"@executable_path/Frameworks",
				);
				MARKETING_VERSION = 1.0;
				PRODUCT_BUNDLE_IDENTIFIER = fr.mathieubellon.iStorm;
				PRODUCT_NAME = "$(TARGET_NAME)";
				SWIFT_EMIT_LOC_STRINGS = YES;
				SWIFT_VERSION = 5.0;
				TARGETED_DEVICE_FAMILY = "1,2";
			};
			name = Debug;
		};
		08FFA7BB281D957D00C459E5 /* Release */ = {
			isa = XCBuildConfiguration;
			buildSettings = {
				ASSETCATALOG_COMPILER_APPICON_NAME = AppIcon;
				ASSETCATALOG_COMPILER_GLOBAL_ACCENT_COLOR_NAME = AccentColor;
				CODE_SIGN_STYLE = Automatic;
				CURRENT_PROJECT_VERSION = 1;
				DEVELOPMENT_ASSET_PATHS = "\"iStorm/Preview Content\"";
				DEVELOPMENT_TEAM = CB4U3K2Z5U;
				ENABLE_PREVIEWS = YES;
				GENERATE_INFOPLIST_FILE = YES;
				INFOPLIST_KEY_UIApplicationSceneManifest_Generation = YES;
				INFOPLIST_KEY_UIApplicationSupportsIndirectInputEvents = YES;
				INFOPLIST_KEY_UILaunchScreen_Generation = YES;
				INFOPLIST_KEY_UISupportedInterfaceOrientations_iPad = "UIInterfaceOrientationPortrait UIInterfaceOrientationPortraitUpsideDown UIInterfaceOrientationLandscapeLeft UIInterfaceOrientationLandscapeRight";
				INFOPLIST_KEY_UISupportedInterfaceOrientations_iPhone = "UIInterfaceOrientationPortrait UIInterfaceOrientationLandscapeLeft UIInterfaceOrientationLandscapeRight";
				LD_RUNPATH_SEARCH_PATHS = (
					"$(inherited)",
					"@executable_path/Frameworks",
				);
				MARKETING_VERSION = 1.0;
				PRODUCT_BUNDLE_IDENTIFIER = fr.mathieubellon.iStorm;
				PRODUCT_NAME = "$(TARGET_NAME)";
				SWIFT_EMIT_LOC_STRINGS = YES;
				SWIFT_VERSION = 5.0;
				TARGETED_DEVICE_FAMILY = "1,2";
			};
			name = Release;
		};
/* End XCBuildConfiguration section */

/* Begin XCConfigurationList section */
		08FFA7A6281D957B00C459E5 /* Build configuration list for PBXProject "iStorm" */ = {
			isa = XCConfigurationList;
			buildConfigurations = (
				08FFA7B7281D957D00C459E5 /* Debug */,
				08FFA7B8281D957D00C459E5 /* Release */,
			);
			defaultConfigurationIsVisible = 0;
			defaultConfigurationName = Release;
		};
		08FFA7B9281D957D00C459E5 /* Build configuration list for PBXNativeTarget "iStorm" */ = {
			isa = XCConfigurationList;
			buildConfigurations = (
				08FFA7BA281D957D00C459E5 /* Debug */,
				08FFA7BB281D957D00C459E5 /* Release */,
			);
			defaultConfigurationIsVisible = 0;
			defaultConfigurationName = Release;
		};
/* End XCConfigurationList section */
	};
	rootObject = 08FFA7A3281D957B00C459E5 /* Project object */;
}
